
Microsoft Visual Studio Solution File, Format Version 12.00
# Visual Studio 15
Project("{FAE04EC0-301F-11D3-BF4B-00C04F79EFBC}") = "Assembly-CSharp", "Assembly-CSharp.csproj", "{F6CE523A-9967-0D7B-9438-BA4179CD8121}"
EndProject
Project("{FAE04EC0-301F-11D3-BF4B-00C04F79EFBC}") = "Assembly-CSharp-firstpass", "Assembly-CSharp-firstpass.csproj", "{14FB0FE1-8215-C114-1AD0-230FDD347D24}"
EndProject
Project("{FAE04EC0-301F-11D3-BF4B-00C04F79EFBC}") = "Assembly-CSharp-Editor", "Assembly-CSharp-Editor.csproj", "{56F9EA40-FC01-3CA1-4D97-A30C036C5DA5}"
EndProject
Global
	GlobalSection(SolutionConfigurationPlatforms) = preSolution
		Debug|Any CPU = Debug|Any CPU
		Release|Any CPU = Release|Any CPU
	EndGlobalSection
	GlobalSection(ProjectConfigurationPlatforms) = postSolution
		{F6CE523A-9967-0D7B-9438-BA4179CD8121}.Debug|Any CPU.ActiveCfg = Debug|Any CPU
		{F6CE523A-9967-0D7B-9438-BA4179CD8121}.Debug|Any CPU.Build.0 = Debug|Any CPU
		{F6CE523A-9967-0D7B-9438-BA4179CD8121}.Release|Any CPU.ActiveCfg = Release|Any CPU
		{F6CE523A-9967-0D7B-9438-BA4179CD8121}.Release|Any CPU.Build.0 = Release|Any CPU
		{14FB0FE1-8215-C114-1AD0-230FDD347D24}.Debug|Any CPU.ActiveCfg = Debug|Any CPU
		{14FB0FE1-8215-C114-1AD0-230FDD347D24}.Debug|Any CPU.Build.0 = Debug|Any CPU
		{14FB0FE1-8215-C114-1AD0-230FDD347D24}.Release|Any CPU.ActiveCfg = Release|Any CPU
		{14FB0FE1-8215-C114-1AD0-230FDD347D24}.Release|Any CPU.Build.0 = Release|Any CPU
		{56F9EA40-FC01-3CA1-4D97-A30C036C5DA5}.Debug|Any CPU.ActiveCfg = Debug|Any CPU
		{56F9EA40-FC01-3CA1-4D97-A30C036C5DA5}.Debug|Any CPU.Build.0 = Debug|Any CPU
		{56F9EA40-FC01-3CA1-4D97-A30C036C5DA5}.Release|Any CPU.ActiveCfg = Release|Any CPU
		{56F9EA40-FC01-3CA1-4D97-A30C036C5DA5}.Release|Any CPU.Build.0 = Release|Any CPU
	EndGlobalSection
	GlobalSection(SolutionProperties) = preSolution
		HideSolutionNode = FALSE
	EndGlobalSection
EndGlobal
